
Microsoft Visual Studio Solution File, Format Version 12.00
# Visual Studio Version 17
VisualStudioVersion = 17.8.34309.116
MinimumVisualStudioVersion = 10.0.40219.1
Project("{FAE04EC0-301F-11D3-BF4B-00C04F79EFBC}") = "webBlazor", "webBlazor\webBlazor.csproj", "{410AF2A4-CBEE-46FF-962E-DF9D7938113E}"
EndProject
Global
	GlobalSection(SolutionConfigurationPlatforms) = preSolution
		Debug|Any CPU = Debug|Any CPU
		Release|Any CPU = Release|Any CPU
	EndGlobalSection
	GlobalSection(ProjectConfigurationPlatforms) = postSolution
		{410AF2A4-CBEE-46FF-962E-DF9D7938113E}.Debug|Any CPU.ActiveCfg = Debug|Any CPU
		{410AF2A4-CBEE-46FF-962E-DF9D7938113E}.Debug|Any CPU.Build.0 = Debug|Any CPU
		{410AF2A4-CBEE-46FF-962E-DF9D7938113E}.Release|Any CPU.ActiveCfg = Release|Any CPU
		{410AF2A4-CBEE-46FF-962E-DF9D7938113E}.Release|Any CPU.Build.0 = Release|Any CPU
	EndGlobalSection
	GlobalSection(SolutionProperties) = preSolution
		HideSolutionNode = FALSE
	EndGlobalSection
	GlobalSection(ExtensibilityGlobals) = postSolution
		SolutionGuid = {02B471F0-A4A6-405F-8A59-D7DFF6A41B51}
	EndGlobalSection
EndGlobal
